
Microsoft Visual Studio Solution File, Format Version 12.00
# Visual Studio Version 17
VisualStudioVersion = 17.8.34330.188
MinimumVisualStudioVersion = 10.0.40219.1
Project("{9A19103F-16F7-4668-BE54-9A1E7A4F7556}") = "Leeetcode", "ConsoleApp1\Leeetcode.csproj", "{C2524A8A-D597-4564-9443-A8DB3CB84227}"
EndProject
Project("{2150E333-8FDC-42A3-9474-1A3956D46DE8}") = "Solution Items", "Solution Items", "{5DBCF086-1D55-45C4-B262-88CA392A8073}"
	ProjectSection(SolutionItems) = preProject
		.editorconfig = .editorconfig
	EndProjectSection
EndProject
Global
	GlobalSection(SolutionConfigurationPlatforms) = preSolution
		Debug|Any CPU = Debug|Any CPU
		Release|Any CPU = Release|Any CPU
	EndGlobalSection
	GlobalSection(ProjectConfigurationPlatforms) = postSolution
		{C2524A8A-D597-4564-9443-A8DB3CB84227}.Debug|Any CPU.ActiveCfg = Debug|Any CPU
		{C2524A8A-D597-4564-9443-A8DB3CB84227}.Debug|Any CPU.Build.0 = Debug|Any CPU
		{C2524A8A-D597-4564-9443-A8DB3CB84227}.Release|Any CPU.ActiveCfg = Release|Any CPU
		{C2524A8A-D597-4564-9443-A8DB3CB84227}.Release|Any CPU.Build.0 = Release|Any CPU
	EndGlobalSection
	GlobalSection(SolutionProperties) = preSolution
		HideSolutionNode = FALSE
	EndGlobalSection
	GlobalSection(ExtensibilityGlobals) = postSolution
		SolutionGuid = {A1D55C1F-539D-4C78-B67A-76DC29567E9A}
	EndGlobalSection
EndGlobal
